// !$*UTF8*$!
{
	archiveVersion = 1;
	classes = {
	};
	objectVersion = 46;
	objects = {

/* Begin PBXBuildFile section */
		10B20FD31D909BD200142CAE /* AppDelegate.swift in Sources */ = {isa = PBXBuildFile; fileRef = 10B20FD21D909BD200142CAE /* AppDelegate.swift */; };
		10B20FD81D909BD200142CAE /* Main.storyboard in Resources */ = {isa = PBXBuildFile; fileRef = 10B20FD61D909BD200142CAE /* Main.storyboard */; };
		10B20FDA1D909BD200142CAE /* Assets.xcassets in Resources */ = {isa = PBXBuildFile; fileRef = 10B20FD91D909BD200142CAE /* Assets.xcassets */; };
		10B20FDD1D909BD200142CAE /* LaunchScreen.storyboard in Resources */ = {isa = PBXBuildFile; fileRef = 10B20FDB1D909BD200142CAE /* LaunchScreen.storyboard */; };
		10B20FE81D909BD200142CAE /* Code_QuestTests.swift in Sources */ = {isa = PBXBuildFile; fileRef = 10B20FE71D909BD200142CAE /* Code_QuestTests.swift */; };
		3D1EBA211E8B8A1100F8EA04 /* AlienSound.wav in Resources */ = {isa = PBXBuildFile; fileRef = 3D1EBA1F1E8B8A1100F8EA04 /* AlienSound.wav */; };
		3D3086C21E85C22A005CB8B0 /* Demo.aiff in Resources */ = {isa = PBXBuildFile; fileRef = 3D3086C11E85C22A005CB8B0 /* Demo.aiff */; };
		3D34AC971E822F9500CEB706 /* DevGameScene.swift in Sources */ = {isa = PBXBuildFile; fileRef = 3D34AC961E822F9500CEB706 /* DevGameScene.swift */; };
		3D34AC9B1E82349600CEB706 /* DevLevelViewController.swift in Sources */ = {isa = PBXBuildFile; fileRef = 3D34AC9A1E82349600CEB706 /* DevLevelViewController.swift */; };
		3D75C3851E859F60008EF6AE /* DevLevelTableViewController.swift in Sources */ = {isa = PBXBuildFile; fileRef = 3D75C3841E859F60008EF6AE /* DevLevelTableViewController.swift */; };
		3D75C3871E859FD2008EF6AE /* DevLevelTableViewCell.swift in Sources */ = {isa = PBXBuildFile; fileRef = 3D75C3861E859FD2008EF6AE /* DevLevelTableViewCell.swift */; };
		3DB6D22C1E6D1D7A00E069B2 /* LevelTableViewController.swift in Sources */ = {isa = PBXBuildFile; fileRef = 3DB6D22A1E6D1D7A00E069B2 /* LevelTableViewController.swift */; };
		3DB6D22D1E6D1D7A00E069B2 /* LevelViewController.swift in Sources */ = {isa = PBXBuildFile; fileRef = 3DB6D22B1E6D1D7A00E069B2 /* LevelViewController.swift */; };
		3DB6D2301E6D1D8600E069B2 /* LevelTutorialViewController.swift in Sources */ = {isa = PBXBuildFile; fileRef = 3DB6D22E1E6D1D8600E069B2 /* LevelTutorialViewController.swift */; };
		3DB6D2311E6D1D8600E069B2 /* settingsTableViewController.swift in Sources */ = {isa = PBXBuildFile; fileRef = 3DB6D22F1E6D1D8600E069B2 /* settingsTableViewController.swift */; };
		3DB6D2391E6D1DE400E069B2 /* CommandHandler.swift in Sources */ = {isa = PBXBuildFile; fileRef = 3DB6D2321E6D1DE400E069B2 /* CommandHandler.swift */; };
		3DB6D23A1E6D1DE400E069B2 /* CommandView.swift in Sources */ = {isa = PBXBuildFile; fileRef = 3DB6D2331E6D1DE400E069B2 /* CommandView.swift */; };
		3DB6D23B1E6D1DE400E069B2 /* GameScene.swift in Sources */ = {isa = PBXBuildFile; fileRef = 3DB6D2341E6D1DE400E069B2 /* GameScene.swift */; };
		3DB6D23C1E6D1DE400E069B2 /* Input.swift in Sources */ = {isa = PBXBuildFile; fileRef = 3DB6D2351E6D1DE400E069B2 /* Input.swift */; };
		3DB6D23D1E6D1DE400E069B2 /* Level.swift in Sources */ = {isa = PBXBuildFile; fileRef = 3DB6D2361E6D1DE400E069B2 /* Level.swift */; };
		3DB6D23E1E6D1DE400E069B2 /* Maze.swift in Sources */ = {isa = PBXBuildFile; fileRef = 3DB6D2371E6D1DE400E069B2 /* Maze.swift */; };
		3DB6D23F1E6D1DE400E069B2 /* SoundPlayer.swift in Sources */ = {isa = PBXBuildFile; fileRef = 3DB6D2381E6D1DE400E069B2 /* SoundPlayer.swift */; };
		3DB6D2461E6D1E1500E069B2 /* floorCell.swift in Sources */ = {isa = PBXBuildFile; fileRef = 3DB6D2401E6D1E1500E069B2 /* floorCell.swift */; };
		3DB6D2471E6D1E1500E069B2 /* gameCell.swift in Sources */ = {isa = PBXBuildFile; fileRef = 3DB6D2411E6D1E1500E069B2 /* gameCell.swift */; };
		3DB6D2481E6D1E1500E069B2 /* goalCell.swift in Sources */ = {isa = PBXBuildFile; fileRef = 3DB6D2421E6D1E1500E069B2 /* goalCell.swift */; };
		3DB6D2491E6D1E1500E069B2 /* LevelTableViewCell.swift in Sources */ = {isa = PBXBuildFile; fileRef = 3DB6D2431E6D1E1500E069B2 /* LevelTableViewCell.swift */; };
		3DB6D24A1E6D1E1500E069B2 /* playerCell.swift in Sources */ = {isa = PBXBuildFile; fileRef = 3DB6D2441E6D1E1500E069B2 /* playerCell.swift */; };
		3DB6D24B1E6D1E1500E069B2 /* wallCell.swift in Sources */ = {isa = PBXBuildFile; fileRef = 3DB6D2451E6D1E1500E069B2 /* wallCell.swift */; };
		3DB6D25A1E6D1E2900E069B2 /* bump.wav in Resources */ = {isa = PBXBuildFile; fileRef = 3DB6D24C1E6D1E2900E069B2 /* bump.wav */; };
		3DB6D25B1E6D1E2900E069B2 /* bumpo.wav in Resources */ = {isa = PBXBuildFile; fileRef = 3DB6D24D1E6D1E2900E069B2 /* bumpo.wav */; };
		3DB6D25C1E6D1E2900E069B2 /* cheer.mp3 in Resources */ = {isa = PBXBuildFile; fileRef = 3DB6D24E1E6D1E2900E069B2 /* cheer.mp3 */; };
		3DB6D25D1E6D1E2900E069B2 /* cheer.wav in Resources */ = {isa = PBXBuildFile; fileRef = 3DB6D24F1E6D1E2900E069B2 /* cheer.wav */; };
		3DB6D25E1E6D1E2900E069B2 /* down.wav in Resources */ = {isa = PBXBuildFile; fileRef = 3DB6D2501E6D1E2900E069B2 /* down.wav */; };
		3DB6D25F1E6D1E2900E069B2 /* drum.aif in Resources */ = {isa = PBXBuildFile; fileRef = 3DB6D2511E6D1E2900E069B2 /* drum.aif */; };
		3DB6D2601E6D1E2900E069B2 /* drum.wav in Resources */ = {isa = PBXBuildFile; fileRef = 3DB6D2521E6D1E2900E069B2 /* drum.wav */; };
		3DB6D2611E6D1E2900E069B2 /* kaboom.wav in Resources */ = {isa = PBXBuildFile; fileRef = 3DB6D2531E6D1E2900E069B2 /* kaboom.wav */; };
		3DB6D2621E6D1E2900E069B2 /* lazar.wav in Resources */ = {isa = PBXBuildFile; fileRef = 3DB6D2541E6D1E2900E069B2 /* lazar.wav */; };
		3DB6D2631E6D1E2900E069B2 /* left.wav in Resources */ = {isa = PBXBuildFile; fileRef = 3DB6D2551E6D1E2900E069B2 /* left.wav */; };
		3DB6D2641E6D1E2900E069B2 /* right.wav in Resources */ = {isa = PBXBuildFile; fileRef = 3DB6D2561E6D1E2900E069B2 /* right.wav */; };
		3DB6D2651E6D1E2900E069B2 /* song.aif in Resources */ = {isa = PBXBuildFile; fileRef = 3DB6D2571E6D1E2900E069B2 /* song.aif */; };
		3DB6D2661E6D1E2900E069B2 /* song.wav in Resources */ = {isa = PBXBuildFile; fileRef = 3DB6D2581E6D1E2900E069B2 /* song.wav */; };
		3DB6D2671E6D1E2900E069B2 /* up.wav in Resources */ = {isa = PBXBuildFile; fileRef = 3DB6D2591E6D1E2900E069B2 /* up.wav */; };
		3DB723AD1E8B2A1800921D62 /* Planet1ViewController.swift in Sources */ = {isa = PBXBuildFile; fileRef = 3DB723AC1E8B2A1800921D62 /* Planet1ViewController.swift */; };
		3DB723AF1E8B2BBA00921D62 /* PlanetLevelViewController.swift in Sources */ = {isa = PBXBuildFile; fileRef = 3DB723AE1E8B2BBA00921D62 /* PlanetLevelViewController.swift */; };
		3DB723B11E8B2CB800921D62 /* DevLevelTutorialViewController.swift in Sources */ = {isa = PBXBuildFile; fileRef = 3DB723B01E8B2CB800921D62 /* DevLevelTutorialViewController.swift */; };
		3DB723B31E8B2D2E00921D62 /* DevCommandView.swift in Sources */ = {isa = PBXBuildFile; fileRef = 3DB723B21E8B2D2E00921D62 /* DevCommandView.swift */; };
		3DB723B51E8B368700921D62 /* DevCommandHandler.swift in Sources */ = {isa = PBXBuildFile; fileRef = 3DB723B41E8B368700921D62 /* DevCommandHandler.swift */; };
		B17EA2241E948D6C000732D7 /* LevelSelect.mp3 in Resources */ = {isa = PBXBuildFile; fileRef = B17EA2231E948D6C000732D7 /* LevelSelect.mp3 */; };
/* End PBXBuildFile section */

/* Begin PBXContainerItemProxy section */
		10B20FE41D909BD200142CAE /* PBXContainerItemProxy */ = {
			isa = PBXContainerItemProxy;
			containerPortal = 10B20FC71D909BD100142CAE /* Project object */;
			proxyType = 1;
			remoteGlobalIDString = 10B20FCE1D909BD100142CAE;
			remoteInfo = "Code Quest";
		};
/* End PBXContainerItemProxy section */

/* Begin PBXFileReference section */
		10B20FCF1D909BD200142CAE /* Code Quest.app */ = {isa = PBXFileReference; explicitFileType = wrapper.application; includeInIndex = 0; path = "Code Quest.app"; sourceTree = BUILT_PRODUCTS_DIR; };
		10B20FD21D909BD200142CAE /* AppDelegate.swift */ = {isa = PBXFileReference; lastKnownFileType = sourcecode.swift; path = AppDelegate.swift; sourceTree = "<group>"; };
		10B20FD71D909BD200142CAE /* Base */ = {isa = PBXFileReference; lastKnownFileType = file.storyboard; name = Base; path = Base.lproj/Main.storyboard; sourceTree = "<group>"; };
		10B20FD91D909BD200142CAE /* Assets.xcassets */ = {isa = PBXFileReference; lastKnownFileType = folder.assetcatalog; path = Assets.xcassets; sourceTree = "<group>"; };
		10B20FDC1D909BD200142CAE /* Base */ = {isa = PBXFileReference; lastKnownFileType = file.storyboard; name = Base; path = Base.lproj/LaunchScreen.storyboard; sourceTree = "<group>"; };
		10B20FDE1D909BD200142CAE /* Info.plist */ = {isa = PBXFileReference; lastKnownFileType = text.plist.xml; path = Info.plist; sourceTree = "<group>"; };
		10B20FE31D909BD200142CAE /* Code QuestTests.xctest */ = {isa = PBXFileReference; explicitFileType = wrapper.cfbundle; includeInIndex = 0; path = "Code QuestTests.xctest"; sourceTree = BUILT_PRODUCTS_DIR; };
		10B20FE71D909BD200142CAE /* Code_QuestTests.swift */ = {isa = PBXFileReference; lastKnownFileType = sourcecode.swift; path = Code_QuestTests.swift; sourceTree = "<group>"; };
		10B20FE91D909BD200142CAE /* Info.plist */ = {isa = PBXFileReference; lastKnownFileType = text.plist.xml; path = Info.plist; sourceTree = "<group>"; };
		3D1EBA1F1E8B8A1100F8EA04 /* AlienSound.wav */ = {isa = PBXFileReference; lastKnownFileType = audio.wav; path = AlienSound.wav; sourceTree = "<group>"; };
		3D3086C11E85C22A005CB8B0 /* Demo.aiff */ = {isa = PBXFileReference; lastKnownFileType = audio.aiff; path = Demo.aiff; sourceTree = "<group>"; };
		3D34AC961E822F9500CEB706 /* DevGameScene.swift */ = {isa = PBXFileReference; fileEncoding = 4; lastKnownFileType = sourcecode.swift; path = DevGameScene.swift; sourceTree = "<group>"; };
		3D34AC9A1E82349600CEB706 /* DevLevelViewController.swift */ = {isa = PBXFileReference; fileEncoding = 4; lastKnownFileType = sourcecode.swift; path = DevLevelViewController.swift; sourceTree = "<group>"; };
		3D75C3841E859F60008EF6AE /* DevLevelTableViewController.swift */ = {isa = PBXFileReference; fileEncoding = 4; lastKnownFileType = sourcecode.swift; path = DevLevelTableViewController.swift; sourceTree = "<group>"; };
		3D75C3861E859FD2008EF6AE /* DevLevelTableViewCell.swift */ = {isa = PBXFileReference; fileEncoding = 4; lastKnownFileType = sourcecode.swift; path = DevLevelTableViewCell.swift; sourceTree = "<group>"; };
		3DB6D22A1E6D1D7A00E069B2 /* LevelTableViewController.swift */ = {isa = PBXFileReference; fileEncoding = 4; lastKnownFileType = sourcecode.swift; name = LevelTableViewController.swift; path = ViewControllers/LevelTableViewController.swift; sourceTree = "<group>"; };
		3DB6D22B1E6D1D7A00E069B2 /* LevelViewController.swift */ = {isa = PBXFileReference; fileEncoding = 4; lastKnownFileType = sourcecode.swift; name = LevelViewController.swift; path = ViewControllers/LevelViewController.swift; sourceTree = "<group>"; };
		3DB6D22E1E6D1D8600E069B2 /* LevelTutorialViewController.swift */ = {isa = PBXFileReference; fileEncoding = 4; lastKnownFileType = sourcecode.swift; name = LevelTutorialViewController.swift; path = ViewControllers/LevelTutorialViewController.swift; sourceTree = "<group>"; };
		3DB6D22F1E6D1D8600E069B2 /* settingsTableViewController.swift */ = {isa = PBXFileReference; fileEncoding = 4; lastKnownFileType = sourcecode.swift; name = settingsTableViewController.swift; path = ViewControllers/settingsTableViewController.swift; sourceTree = "<group>"; };
		3DB6D2321E6D1DE400E069B2 /* CommandHandler.swift */ = {isa = PBXFileReference; fileEncoding = 4; lastKnownFileType = sourcecode.swift; name = CommandHandler.swift; path = LogicalClasses/CommandHandler.swift; sourceTree = "<group>"; };
		3DB6D2331E6D1DE400E069B2 /* CommandView.swift */ = {isa = PBXFileReference; fileEncoding = 4; lastKnownFileType = sourcecode.swift; name = CommandView.swift; path = LogicalClasses/CommandView.swift; sourceTree = "<group>"; };
		3DB6D2341E6D1DE400E069B2 /* GameScene.swift */ = {isa = PBXFileReference; fileEncoding = 4; lastKnownFileType = sourcecode.swift; name = GameScene.swift; path = LogicalClasses/GameScene.swift; sourceTree = "<group>"; };
		3DB6D2351E6D1DE400E069B2 /* Input.swift */ = {isa = PBXFileReference; fileEncoding = 4; lastKnownFileType = sourcecode.swift; name = Input.swift; path = LogicalClasses/Input.swift; sourceTree = "<group>"; };
		3DB6D2361E6D1DE400E069B2 /* Level.swift */ = {isa = PBXFileReference; fileEncoding = 4; lastKnownFileType = sourcecode.swift; name = Level.swift; path = LogicalClasses/Level.swift; sourceTree = "<group>"; };
		3DB6D2371E6D1DE400E069B2 /* Maze.swift */ = {isa = PBXFileReference; fileEncoding = 4; lastKnownFileType = sourcecode.swift; name = Maze.swift; path = LogicalClasses/Maze.swift; sourceTree = "<group>"; };
		3DB6D2381E6D1DE400E069B2 /* SoundPlayer.swift */ = {isa = PBXFileReference; fileEncoding = 4; lastKnownFileType = sourcecode.swift; name = SoundPlayer.swift; path = LogicalClasses/SoundPlayer.swift; sourceTree = "<group>"; };
		3DB6D2401E6D1E1500E069B2 /* floorCell.swift */ = {isa = PBXFileReference; fileEncoding = 4; lastKnownFileType = sourcecode.swift; name = floorCell.swift; path = Cells/floorCell.swift; sourceTree = "<group>"; };
		3DB6D2411E6D1E1500E069B2 /* gameCell.swift */ = {isa = PBXFileReference; fileEncoding = 4; lastKnownFileType = sourcecode.swift; name = gameCell.swift; path = Cells/gameCell.swift; sourceTree = "<group>"; };
		3DB6D2421E6D1E1500E069B2 /* goalCell.swift */ = {isa = PBXFileReference; fileEncoding = 4; lastKnownFileType = sourcecode.swift; name = goalCell.swift; path = Cells/goalCell.swift; sourceTree = "<group>"; };
		3DB6D2431E6D1E1500E069B2 /* LevelTableViewCell.swift */ = {isa = PBXFileReference; fileEncoding = 4; lastKnownFileType = sourcecode.swift; name = LevelTableViewCell.swift; path = Cells/LevelTableViewCell.swift; sourceTree = "<group>"; };
		3DB6D2441E6D1E1500E069B2 /* playerCell.swift */ = {isa = PBXFileReference; fileEncoding = 4; lastKnownFileType = sourcecode.swift; name = playerCell.swift; path = Cells/playerCell.swift; sourceTree = "<group>"; };
		3DB6D2451E6D1E1500E069B2 /* wallCell.swift */ = {isa = PBXFileReference; fileEncoding = 4; lastKnownFileType = sourcecode.swift; name = wallCell.swift; path = Cells/wallCell.swift; sourceTree = "<group>"; };
		3DB6D24C1E6D1E2900E069B2 /* bump.wav */ = {isa = PBXFileReference; lastKnownFileType = audio.wav; name = bump.wav; path = audio/bump.wav; sourceTree = "<group>"; };
		3DB6D24D1E6D1E2900E069B2 /* bumpo.wav */ = {isa = PBXFileReference; lastKnownFileType = audio.wav; name = bumpo.wav; path = audio/bumpo.wav; sourceTree = "<group>"; };
		3DB6D24E1E6D1E2900E069B2 /* cheer.mp3 */ = {isa = PBXFileReference; lastKnownFileType = audio.mp3; name = cheer.mp3; path = audio/cheer.mp3; sourceTree = "<group>"; };
		3DB6D24F1E6D1E2900E069B2 /* cheer.wav */ = {isa = PBXFileReference; lastKnownFileType = audio.wav; name = cheer.wav; path = audio/cheer.wav; sourceTree = "<group>"; };
		3DB6D2501E6D1E2900E069B2 /* down.wav */ = {isa = PBXFileReference; lastKnownFileType = audio.wav; name = down.wav; path = audio/down.wav; sourceTree = "<group>"; };
		3DB6D2511E6D1E2900E069B2 /* drum.aif */ = {isa = PBXFileReference; lastKnownFileType = file; name = drum.aif; path = audio/drum.aif; sourceTree = "<group>"; };
		3DB6D2521E6D1E2900E069B2 /* drum.wav */ = {isa = PBXFileReference; lastKnownFileType = audio.wav; name = drum.wav; path = audio/drum.wav; sourceTree = "<group>"; };
		3DB6D2531E6D1E2900E069B2 /* kaboom.wav */ = {isa = PBXFileReference; lastKnownFileType = audio.wav; name = kaboom.wav; path = audio/kaboom.wav; sourceTree = "<group>"; };
		3DB6D2541E6D1E2900E069B2 /* lazar.wav */ = {isa = PBXFileReference; lastKnownFileType = audio.wav; name = lazar.wav; path = audio/lazar.wav; sourceTree = "<group>"; };
		3DB6D2551E6D1E2900E069B2 /* left.wav */ = {isa = PBXFileReference; lastKnownFileType = audio.wav; name = left.wav; path = audio/left.wav; sourceTree = "<group>"; };
		3DB6D2561E6D1E2900E069B2 /* right.wav */ = {isa = PBXFileReference; lastKnownFileType = audio.wav; name = right.wav; path = audio/right.wav; sourceTree = "<group>"; };
		3DB6D2571E6D1E2900E069B2 /* song.aif */ = {isa = PBXFileReference; lastKnownFileType = file; name = song.aif; path = audio/song.aif; sourceTree = "<group>"; };
		3DB6D2581E6D1E2900E069B2 /* song.wav */ = {isa = PBXFileReference; lastKnownFileType = audio.wav; name = song.wav; path = audio/song.wav; sourceTree = "<group>"; };
		3DB6D2591E6D1E2900E069B2 /* up.wav */ = {isa = PBXFileReference; lastKnownFileType = audio.wav; name = up.wav; path = audio/up.wav; sourceTree = "<group>"; };
		3DB723AC1E8B2A1800921D62 /* Planet1ViewController.swift */ = {isa = PBXFileReference; fileEncoding = 4; lastKnownFileType = sourcecode.swift; name = Planet1ViewController.swift; path = ViewControllers/Planet1ViewController.swift; sourceTree = "<group>"; };
		3DB723AE1E8B2BBA00921D62 /* PlanetLevelViewController.swift */ = {isa = PBXFileReference; fileEncoding = 4; lastKnownFileType = sourcecode.swift; path = PlanetLevelViewController.swift; sourceTree = "<group>"; };
		3DB723B01E8B2CB800921D62 /* DevLevelTutorialViewController.swift */ = {isa = PBXFileReference; fileEncoding = 4; lastKnownFileType = sourcecode.swift; path = DevLevelTutorialViewController.swift; sourceTree = "<group>"; };
		3DB723B21E8B2D2E00921D62 /* DevCommandView.swift */ = {isa = PBXFileReference; fileEncoding = 4; lastKnownFileType = sourcecode.swift; path = DevCommandView.swift; sourceTree = "<group>"; };
		3DB723B41E8B368700921D62 /* DevCommandHandler.swift */ = {isa = PBXFileReference; fileEncoding = 4; lastKnownFileType = sourcecode.swift; path = DevCommandHandler.swift; sourceTree = "<group>"; };
		B17EA2231E948D6C000732D7 /* LevelSelect.mp3 */ = {isa = PBXFileReference; lastKnownFileType = audio.mp3; name = LevelSelect.mp3; path = audio/LevelSelect.mp3; sourceTree = "<group>"; };
/* End PBXFileReference section */

/* Begin PBXFrameworksBuildPhase section */
		10B20FCC1D909BD100142CAE /* Frameworks */ = {
			isa = PBXFrameworksBuildPhase;
			buildActionMask = 2147483647;
			files = (
			);
			runOnlyForDeploymentPostprocessing = 0;
		};
		10B20FE01D909BD200142CAE /* Frameworks */ = {
			isa = PBXFrameworksBuildPhase;
			buildActionMask = 2147483647;
			files = (
			);
			runOnlyForDeploymentPostprocessing = 0;
		};
/* End PBXFrameworksBuildPhase section */

/* Begin PBXGroup section */
		10B20FC61D909BD100142CAE = {
			isa = PBXGroup;
			children = (
				10B20FD11D909BD200142CAE /* Code Quest */,
				10B20FE61D909BD200142CAE /* Code QuestTests */,
				10B20FD01D909BD200142CAE /* Products */,
			);
			sourceTree = "<group>";
			usesTabs = 1;
		};
		10B20FD01D909BD200142CAE /* Products */ = {
			isa = PBXGroup;
			children = (
				10B20FCF1D909BD200142CAE /* Code Quest.app */,
				10B20FE31D909BD200142CAE /* Code QuestTests.xctest */,
			);
			name = Products;
			sourceTree = "<group>";
		};
		10B20FD11D909BD200142CAE /* Code Quest */ = {
			isa = PBXGroup;
			children = (
				3DFA38F81E5CDFA900F4E914 /* audio */,
				3DFA38F91E5CDFB900F4E914 /* Cells */,
				3DFA38F71E5CDF7300F4E914 /* images */,
				3DFA38FB1E5CDFDC00F4E914 /* LogicalClasses */,
				3DFA38FA1E5CDFCA00F4E914 /* ViewControllers */,
				10B20FD61D909BD200142CAE /* Main.storyboard */,
				10B20FD21D909BD200142CAE /* AppDelegate.swift */,
				10B20FD91D909BD200142CAE /* Assets.xcassets */,
				10B20FDB1D909BD200142CAE /* LaunchScreen.storyboard */,
				10B20FDE1D909BD200142CAE /* Info.plist */,
			);
			path = "Code Quest";
			sourceTree = "<group>";
		};
		10B20FE61D909BD200142CAE /* Code QuestTests */ = {
			isa = PBXGroup;
			children = (
				10B20FE71D909BD200142CAE /* Code_QuestTests.swift */,
				10B20FE91D909BD200142CAE /* Info.plist */,
			);
			path = "Code QuestTests";
			sourceTree = "<group>";
		};
		3DFA38F71E5CDF7300F4E914 /* images */ = {
			isa = PBXGroup;
			children = (
			);
			name = images;
			sourceTree = "<group>";
		};
		3DFA38F81E5CDFA900F4E914 /* audio */ = {
			isa = PBXGroup;
			children = (
				3DB6D24C1E6D1E2900E069B2 /* bump.wav */,
				3DB6D24D1E6D1E2900E069B2 /* bumpo.wav */,
				3DB6D24E1E6D1E2900E069B2 /* cheer.mp3 */,
				3DB6D24F1E6D1E2900E069B2 /* cheer.wav */,
				3DB6D2501E6D1E2900E069B2 /* down.wav */,
				3D3086C11E85C22A005CB8B0 /* Demo.aiff */,
				3DB6D2511E6D1E2900E069B2 /* drum.aif */,
				3DB6D2521E6D1E2900E069B2 /* drum.wav */,
				3DB6D2531E6D1E2900E069B2 /* kaboom.wav */,
				B17EA2231E948D6C000732D7 /* LevelSelect.mp3 */,
				3DB6D2541E6D1E2900E069B2 /* lazar.wav */,
				3DB6D2551E6D1E2900E069B2 /* left.wav */,
				3DB6D2561E6D1E2900E069B2 /* right.wav */,
				3DB6D2571E6D1E2900E069B2 /* song.aif */,
				3DB6D2581E6D1E2900E069B2 /* song.wav */,
				3DB6D2591E6D1E2900E069B2 /* up.wav */,
				3D1EBA1F1E8B8A1100F8EA04 /* AlienSound.wav */,
			);
			name = audio;
			sourceTree = "<group>";
		};
		3DFA38F91E5CDFB900F4E914 /* Cells */ = {
			isa = PBXGroup;
			children = (
				3DB6D2401E6D1E1500E069B2 /* floorCell.swift */,
				3DB6D2411E6D1E1500E069B2 /* gameCell.swift */,
				3DB6D2421E6D1E1500E069B2 /* goalCell.swift */,
				3DB6D2431E6D1E1500E069B2 /* LevelTableViewCell.swift */,
				3DB6D2441E6D1E1500E069B2 /* playerCell.swift */,
				3DB6D2451E6D1E1500E069B2 /* wallCell.swift */,
				3D75C3861E859FD2008EF6AE /* DevLevelTableViewCell.swift */,
			);
			name = Cells;
			sourceTree = "<group>";
		};
		3DFA38FA1E5CDFCA00F4E914 /* ViewControllers */ = {
			isa = PBXGroup;
			children = (
				3DB6D22E1E6D1D8600E069B2 /* LevelTutorialViewController.swift */,
				3DB6D22F1E6D1D8600E069B2 /* settingsTableViewController.swift */,
				3DB6D22A1E6D1D7A00E069B2 /* LevelTableViewController.swift */,
				3DB6D22B1E6D1D7A00E069B2 /* LevelViewController.swift */,
				3D34AC9A1E82349600CEB706 /* DevLevelViewController.swift */,
				3D75C3841E859F60008EF6AE /* DevLevelTableViewController.swift */,
				3DB723AC1E8B2A1800921D62 /* Planet1ViewController.swift */,
				3DB723AE1E8B2BBA00921D62 /* PlanetLevelViewController.swift */,
				3DB723B01E8B2CB800921D62 /* DevLevelTutorialViewController.swift */,
			);
			name = ViewControllers;
			sourceTree = "<group>";
		};
		3DFA38FB1E5CDFDC00F4E914 /* LogicalClasses */ = {
			isa = PBXGroup;
			children = (
				3DB6D2321E6D1DE400E069B2 /* CommandHandler.swift */,
				3DB723B41E8B368700921D62 /* DevCommandHandler.swift */,
				3DB6D2331E6D1DE400E069B2 /* CommandView.swift */,
				3DB723B21E8B2D2E00921D62 /* DevCommandView.swift */,
				3DB6D2341E6D1DE400E069B2 /* GameScene.swift */,
				3DB6D2351E6D1DE400E069B2 /* Input.swift */,
				3DB6D2361E6D1DE400E069B2 /* Level.swift */,
				3DB6D2371E6D1DE400E069B2 /* Maze.swift */,
				3DB6D2381E6D1DE400E069B2 /* SoundPlayer.swift */,
				3D34AC961E822F9500CEB706 /* DevGameScene.swift */,
			);
			name = LogicalClasses;
			sourceTree = "<group>";
		};
/* End PBXGroup section */

/* Begin PBXNativeTarget section */
		10B20FCE1D909BD100142CAE /* Code Quest */ = {
			isa = PBXNativeTarget;
			buildConfigurationList = 10B20FEC1D909BD200142CAE /* Build configuration list for PBXNativeTarget "Code Quest" */;
			buildPhases = (
				10B20FCB1D909BD100142CAE /* Sources */,
				10B20FCC1D909BD100142CAE /* Frameworks */,
				10B20FCD1D909BD100142CAE /* Resources */,
			);
			buildRules = (
			);
			dependencies = (
			);
			name = "Code Quest";
			productName = "Code Quest";
			productReference = 10B20FCF1D909BD200142CAE /* Code Quest.app */;
			productType = "com.apple.product-type.application";
		};
		10B20FE21D909BD200142CAE /* Code QuestTests */ = {
			isa = PBXNativeTarget;
			buildConfigurationList = 10B20FEF1D909BD200142CAE /* Build configuration list for PBXNativeTarget "Code QuestTests" */;
			buildPhases = (
				10B20FDF1D909BD200142CAE /* Sources */,
				10B20FE01D909BD200142CAE /* Frameworks */,
				10B20FE11D909BD200142CAE /* Resources */,
			);
			buildRules = (
			);
			dependencies = (
				10B20FE51D909BD200142CAE /* PBXTargetDependency */,
			);
			name = "Code QuestTests";
			productName = "Code QuestTests";
			productReference = 10B20FE31D909BD200142CAE /* Code QuestTests.xctest */;
			productType = "com.apple.product-type.bundle.unit-test";
		};
/* End PBXNativeTarget section */

/* Begin PBXProject section */
		10B20FC71D909BD100142CAE /* Project object */ = {
			isa = PBXProject;
			attributes = {
				LastSwiftUpdateCheck = 0800;
				LastUpgradeCheck = 0800;
				ORGANIZATIONNAME = Spookle;
				TargetAttributes = {
					10B20FCE1D909BD100142CAE = {
						CreatedOnToolsVersion = 8.0;
						DevelopmentTeam = J4QZ65T39F;
						ProvisioningStyle = Automatic;
					};
					10B20FE21D909BD200142CAE = {
						CreatedOnToolsVersion = 8.0;
						ProvisioningStyle = Automatic;
						TestTargetID = 10B20FCE1D909BD100142CAE;
					};
				};
			};
			buildConfigurationList = 10B20FCA1D909BD100142CAE /* Build configuration list for PBXProject "Code Quest" */;
			compatibilityVersion = "Xcode 3.2";
			developmentRegion = English;
			hasScannedForEncodings = 0;
			knownRegions = (
				en,
				Base,
			);
			mainGroup = 10B20FC61D909BD100142CAE;
			productRefGroup = 10B20FD01D909BD200142CAE /* Products */;
			projectDirPath = "";
			projectRoot = "";
			targets = (
				10B20FCE1D909BD100142CAE /* Code Quest */,
				10B20FE21D909BD200142CAE /* Code QuestTests */,
			);
		};
/* End PBXProject section */

/* Begin PBXResourcesBuildPhase section */
		10B20FCD1D909BD100142CAE /* Resources */ = {
			isa = PBXResourcesBuildPhase;
			buildActionMask = 2147483647;
			files = (
				3DB6D2601E6D1E2900E069B2 /* drum.wav in Resources */,
				3DB6D25C1E6D1E2900E069B2 /* cheer.mp3 in Resources */,
				3DB6D25A1E6D1E2900E069B2 /* bump.wav in Resources */,
				3DB6D2611E6D1E2900E069B2 /* kaboom.wav in Resources */,
				3DB6D2651E6D1E2900E069B2 /* song.aif in Resources */,
				3DB6D25D1E6D1E2900E069B2 /* cheer.wav in Resources */,
				10B20FDD1D909BD200142CAE /* LaunchScreen.storyboard in Resources */,
				3DB6D2631E6D1E2900E069B2 /* left.wav in Resources */,
				3DB6D25F1E6D1E2900E069B2 /* drum.aif in Resources */,
				B17EA2241E948D6C000732D7 /* LevelSelect.mp3 in Resources */,
				3DB6D2671E6D1E2900E069B2 /* up.wav in Resources */,
				3DB6D25E1E6D1E2900E069B2 /* down.wav in Resources */,
				3DB6D25B1E6D1E2900E069B2 /* bumpo.wav in Resources */,
				3DB6D2661E6D1E2900E069B2 /* song.wav in Resources */,
				10B20FDA1D909BD200142CAE /* Assets.xcassets in Resources */,
				3D3086C21E85C22A005CB8B0 /* Demo.aiff in Resources */,
				3D1EBA211E8B8A1100F8EA04 /* AlienSound.wav in Resources */,
				3DB6D2641E6D1E2900E069B2 /* right.wav in Resources */,
				10B20FD81D909BD200142CAE /* Main.storyboard in Resources */,
				3DB6D2621E6D1E2900E069B2 /* lazar.wav in Resources */,
			);
			runOnlyForDeploymentPostprocessing = 0;
		};
		10B20FE11D909BD200142CAE /* Resources */ = {
			isa = PBXResourcesBuildPhase;
			buildActionMask = 2147483647;
			files = (
			);
			runOnlyForDeploymentPostprocessing = 0;
		};
/* End PBXResourcesBuildPhase section */

/* Begin PBXSourcesBuildPhase section */
		10B20FCB1D909BD100142CAE /* Sources */ = {
			isa = PBXSourcesBuildPhase;
			buildActionMask = 2147483647;
			files = (
				3DB6D24A1E6D1E1500E069B2 /* playerCell.swift in Sources */,
				3DB6D23C1E6D1DE400E069B2 /* Input.swift in Sources */,
				3DB6D2391E6D1DE400E069B2 /* CommandHandler.swift in Sources */,
				3DB6D2461E6D1E1500E069B2 /* floorCell.swift in Sources */,
				3DB723B51E8B368700921D62 /* DevCommandHandler.swift in Sources */,
				3DB6D22D1E6D1D7A00E069B2 /* LevelViewController.swift in Sources */,
				3DB6D2311E6D1D8600E069B2 /* settingsTableViewController.swift in Sources */,
				3DB723AD1E8B2A1800921D62 /* Planet1ViewController.swift in Sources */,
				3DB6D23F1E6D1DE400E069B2 /* SoundPlayer.swift in Sources */,
				3D75C3851E859F60008EF6AE /* DevLevelTableViewController.swift in Sources */,
				10B20FD31D909BD200142CAE /* AppDelegate.swift in Sources */,
				3D34AC971E822F9500CEB706 /* DevGameScene.swift in Sources */,
				3DB6D2471E6D1E1500E069B2 /* gameCell.swift in Sources */,
				3DB6D24B1E6D1E1500E069B2 /* wallCell.swift in Sources */,
				3DB6D2301E6D1D8600E069B2 /* LevelTutorialViewController.swift in Sources */,
				3DB723B31E8B2D2E00921D62 /* DevCommandView.swift in Sources */,
				3DB6D23E1E6D1DE400E069B2 /* Maze.swift in Sources */,
				3D34AC9B1E82349600CEB706 /* DevLevelViewController.swift in Sources */,
				3DB6D22C1E6D1D7A00E069B2 /* LevelTableViewController.swift in Sources */,
				3DB6D23A1E6D1DE400E069B2 /* CommandView.swift in Sources */,
				3DB6D23B1E6D1DE400E069B2 /* GameScene.swift in Sources */,
				3DB6D2481E6D1E1500E069B2 /* goalCell.swift in Sources */,
				3DB723B11E8B2CB800921D62 /* DevLevelTutorialViewController.swift in Sources */,
				3DB6D2491E6D1E1500E069B2 /* LevelTableViewCell.swift in Sources */,
				3DB723AF1E8B2BBA00921D62 /* PlanetLevelViewController.swift in Sources */,
				3D75C3871E859FD2008EF6AE /* DevLevelTableViewCell.swift in Sources */,
				3DB6D23D1E6D1DE400E069B2 /* Level.swift in Sources */,
			);
			runOnlyForDeploymentPostprocessing = 0;
		};
		10B20FDF1D909BD200142CAE /* Sources */ = {
			isa = PBXSourcesBuildPhase;
			buildActionMask = 2147483647;
			files = (
				10B20FE81D909BD200142CAE /* Code_QuestTests.swift in Sources */,
			);
			runOnlyForDeploymentPostprocessing = 0;
		};
/* End PBXSourcesBuildPhase section */

/* Begin PBXTargetDependency section */
		10B20FE51D909BD200142CAE /* PBXTargetDependency */ = {
			isa = PBXTargetDependency;
			target = 10B20FCE1D909BD100142CAE /* Code Quest */;
			targetProxy = 10B20FE41D909BD200142CAE /* PBXContainerItemProxy */;
		};
/* End PBXTargetDependency section */

/* Begin PBXVariantGroup section */
		10B20FD61D909BD200142CAE /* Main.storyboard */ = {
			isa = PBXVariantGroup;
			children = (
				10B20FD71D909BD200142CAE /* Base */,
			);
			name = Main.storyboard;
			sourceTree = "<group>";
		};
		10B20FDB1D909BD200142CAE /* LaunchScreen.storyboard */ = {
			isa = PBXVariantGroup;
			children = (
				10B20FDC1D909BD200142CAE /* Base */,
			);
			name = LaunchScreen.storyboard;
			sourceTree = "<group>";
		};
/* End PBXVariantGroup section */

/* Begin XCBuildConfiguration section */
		10B20FEA1D909BD200142CAE /* Debug */ = {
			isa = XCBuildConfiguration;
			buildSettings = {
				ALWAYS_SEARCH_USER_PATHS = NO;
				CLANG_ANALYZER_NONNULL = YES;
				CLANG_CXX_LANGUAGE_STANDARD = "gnu++0x";
				CLANG_CXX_LIBRARY = "libc++";
				CLANG_ENABLE_MODULES = YES;
				CLANG_ENABLE_OBJC_ARC = YES;
				CLANG_WARN_BOOL_CONVERSION = YES;
				CLANG_WARN_CONSTANT_CONVERSION = YES;
				CLANG_WARN_DIRECT_OBJC_ISA_USAGE = YES_ERROR;
				CLANG_WARN_DOCUMENTATION_COMMENTS = YES;
				CLANG_WARN_EMPTY_BODY = YES;
				CLANG_WARN_ENUM_CONVERSION = YES;
				CLANG_WARN_INFINITE_RECURSION = YES;
				CLANG_WARN_INT_CONVERSION = YES;
				CLANG_WARN_OBJC_ROOT_CLASS = YES_ERROR;
				CLANG_WARN_SUSPICIOUS_MOVE = YES;
				CLANG_WARN_SUSPICIOUS_MOVES = YES;
				CLANG_WARN_UNREACHABLE_CODE = YES;
				CLANG_WARN__DUPLICATE_METHOD_MATCH = YES;
				"CODE_SIGN_IDENTITY[sdk=iphoneos*]" = "iPhone Developer";
				COPY_PHASE_STRIP = NO;
				DEBUG_INFORMATION_FORMAT = dwarf;
				ENABLE_STRICT_OBJC_MSGSEND = YES;
				ENABLE_TESTABILITY = YES;
				GCC_C_LANGUAGE_STANDARD = gnu99;
				GCC_DYNAMIC_NO_PIC = NO;
				GCC_NO_COMMON_BLOCKS = YES;
				GCC_OPTIMIZATION_LEVEL = 0;
				GCC_PREPROCESSOR_DEFINITIONS = (
					"DEBUG=1",
					"$(inherited)",
				);
				GCC_WARN_64_TO_32_BIT_CONVERSION = YES;
				GCC_WARN_ABOUT_RETURN_TYPE = YES_ERROR;
				GCC_WARN_UNDECLARED_SELECTOR = YES;
				GCC_WARN_UNINITIALIZED_AUTOS = YES_AGGRESSIVE;
				GCC_WARN_UNUSED_FUNCTION = YES;
				GCC_WARN_UNUSED_VARIABLE = YES;
				IPHONEOS_DEPLOYMENT_TARGET = 10.0;
				MTL_ENABLE_DEBUG_INFO = YES;
				ONLY_ACTIVE_ARCH = YES;
				SDKROOT = iphoneos;
				SWIFT_ACTIVE_COMPILATION_CONDITIONS = DEBUG;
				SWIFT_OPTIMIZATION_LEVEL = "-Onone";
				TARGETED_DEVICE_FAMILY = 2;
			};
			name = Debug;
		};
		10B20FEB1D909BD200142CAE /* Release */ = {
			isa = XCBuildConfiguration;
			buildSettings = {
				ALWAYS_SEARCH_USER_PATHS = NO;
				CLANG_ANALYZER_NONNULL = YES;
				CLANG_CXX_LANGUAGE_STANDARD = "gnu++0x";
				CLANG_CXX_LIBRARY = "libc++";
				CLANG_ENABLE_MODULES = YES;
				CLANG_ENABLE_OBJC_ARC = YES;
				CLANG_WARN_BOOL_CONVERSION = YES;
				CLANG_WARN_CONSTANT_CONVERSION = YES;
				CLANG_WARN_DIRECT_OBJC_ISA_USAGE = YES_ERROR;
				CLANG_WARN_DOCUMENTATION_COMMENTS = YES;
				CLANG_WARN_EMPTY_BODY = YES;
				CLANG_WARN_ENUM_CONVERSION = YES;
				CLANG_WARN_INFINITE_RECURSION = YES;
				CLANG_WARN_INT_CONVERSION = YES;
				CLANG_WARN_OBJC_ROOT_CLASS = YES_ERROR;
				CLANG_WARN_SUSPICIOUS_MOVE = YES;
				CLANG_WARN_SUSPICIOUS_MOVES = YES;
				CLANG_WARN_UNREACHABLE_CODE = YES;
				CLANG_WARN__DUPLICATE_METHOD_MATCH = YES;
				"CODE_SIGN_IDENTITY[sdk=iphoneos*]" = "iPhone Developer";
				COPY_PHASE_STRIP = NO;
				DEBUG_INFORMATION_FORMAT = "dwarf-with-dsym";
				ENABLE_NS_ASSERTIONS = NO;
				ENABLE_STRICT_OBJC_MSGSEND = YES;
				GCC_C_LANGUAGE_STANDARD = gnu99;
				GCC_NO_COMMON_BLOCKS = YES;
				GCC_WARN_64_TO_32_BIT_CONVERSION = YES;
				GCC_WARN_ABOUT_RETURN_TYPE = YES_ERROR;
				GCC_WARN_UNDECLARED_SELECTOR = YES;
				GCC_WARN_UNINITIALIZED_AUTOS = YES_AGGRESSIVE;
				GCC_WARN_UNUSED_FUNCTION = YES;
				GCC_WARN_UNUSED_VARIABLE = YES;
				IPHONEOS_DEPLOYMENT_TARGET = 10.0;
				MTL_ENABLE_DEBUG_INFO = NO;
				SDKROOT = iphoneos;
				SWIFT_OPTIMIZATION_LEVEL = "-Owholemodule";
				TARGETED_DEVICE_FAMILY = 2;
				VALIDATE_PRODUCT = YES;
			};
			name = Release;
		};
		10B20FED1D909BD200142CAE /* Debug */ = {
			isa = XCBuildConfiguration;
			buildSettings = {
				ASSETCATALOG_COMPILER_APPICON_NAME = AppIcon;
				DEVELOPMENT_TEAM = J4QZ65T39F;
				INFOPLIST_FILE = "Code Quest/Info.plist";
				IPHONEOS_DEPLOYMENT_TARGET = 9.3;
				LD_RUNPATH_SEARCH_PATHS = "$(inherited) @executable_path/Frameworks";
				PRODUCT_BUNDLE_IDENTIFIER = com.codequest.codequest2;
				PRODUCT_NAME = "$(TARGET_NAME)";
				SWIFT_VERSION = 3.0;
				TARGETED_DEVICE_FAMILY = 2;
			};
			name = Debug;
		};
		10B20FEE1D909BD200142CAE /* Release */ = {
			isa = XCBuildConfiguration;
			buildSettings = {
				ASSETCATALOG_COMPILER_APPICON_NAME = AppIcon;
				DEVELOPMENT_TEAM = J4QZ65T39F;
				INFOPLIST_FILE = "Code Quest/Info.plist";
				IPHONEOS_DEPLOYMENT_TARGET = 9.3;
				LD_RUNPATH_SEARCH_PATHS = "$(inherited) @executable_path/Frameworks";
				PRODUCT_BUNDLE_IDENTIFIER = com.codequest.codequest2;
				PRODUCT_NAME = "$(TARGET_NAME)";
				SWIFT_VERSION = 3.0;
				TARGETED_DEVICE_FAMILY = 2;
			};
			name = Release;
		};
		10B20FF01D909BD200142CAE /* Debug */ = {
			isa = XCBuildConfiguration;
			buildSettings = {
				ALWAYS_EMBED_SWIFT_STANDARD_LIBRARIES = YES;
				BUNDLE_LOADER = "$(TEST_HOST)";
				INFOPLIST_FILE = "Code QuestTests/Info.plist";
				LD_RUNPATH_SEARCH_PATHS = "$(inherited) @executable_path/Frameworks @loader_path/Frameworks";
				PRODUCT_BUNDLE_IDENTIFIER = "xyz.spookle.Code-QuestTests";
				PRODUCT_NAME = "$(TARGET_NAME)";
				SWIFT_VERSION = 3.0;
				TEST_HOST = "$(BUILT_PRODUCTS_DIR)/Code Quest.app/Code Quest";
			};
			name = Debug;
		};
		10B20FF11D909BD200142CAE /* Release */ = {
			isa = XCBuildConfiguration;
			buildSettings = {
				ALWAYS_EMBED_SWIFT_STANDARD_LIBRARIES = YES;
				BUNDLE_LOADER = "$(TEST_HOST)";
				INFOPLIST_FILE = "Code QuestTests/Info.plist";
				LD_RUNPATH_SEARCH_PATHS = "$(inherited) @executable_path/Frameworks @loader_path/Frameworks";
				PRODUCT_BUNDLE_IDENTIFIER = "xyz.spookle.Code-QuestTests";
				PRODUCT_NAME = "$(TARGET_NAME)";
				SWIFT_VERSION = 3.0;
				TEST_HOST = "$(BUILT_PRODUCTS_DIR)/Code Quest.app/Code Quest";
			};
			name = Release;
		};
/* End XCBuildConfiguration section */

/* Begin XCConfigurationList section */
		10B20FCA1D909BD100142CAE /* Build configuration list for PBXProject "Code Quest" */ = {
			isa = XCConfigurationList;
			buildConfigurations = (
				10B20FEA1D909BD200142CAE /* Debug */,
				10B20FEB1D909BD200142CAE /* Release */,
			);
			defaultConfigurationIsVisible = 0;
			defaultConfigurationName = Release;
		};
		10B20FEC1D909BD200142CAE /* Build configuration list for PBXNativeTarget "Code Quest" */ = {
			isa = XCConfigurationList;
			buildConfigurations = (
				10B20FED1D909BD200142CAE /* Debug */,
				10B20FEE1D909BD200142CAE /* Release */,
			);
			defaultConfigurationIsVisible = 0;
			defaultConfigurationName = Release;
		};
		10B20FEF1D909BD200142CAE /* Build configuration list for PBXNativeTarget "Code QuestTests" */ = {
			isa = XCConfigurationList;
			buildConfigurations = (
				10B20FF01D909BD200142CAE /* Debug */,
				10B20FF11D909BD200142CAE /* Release */,
			);
			defaultConfigurationIsVisible = 0;
			defaultConfigurationName = Release;
		};
/* End XCConfigurationList section */
	};
	rootObject = 10B20FC71D909BD100142CAE /* Project object */;
}
